{
  "name": "Desarrollo-Web-y-Mantenimiento",
  "lockfileVersion": 3,
  "requires": true,
  "packages": {
    "": {
      "dependencies": {
        "awesome-bootstrap-checkbox": "^2.0.1"
      }
    },
    "node_modules/awesome-bootstrap-checkbox": {
      "version": "2.0.1",
      "resolved": "https://registry.npmjs.org/awesome-bootstrap-checkbox/-/awesome-bootstrap-checkbox-2.0.1.tgz",
      "integrity": "sha512-9F94wBv+EfLqdkj9abEs9NVPzucixgd4klxT5LFx09+rbNKUsi9qU6N4loAVFi31Kj0iyPYdDeMcWocXVfce4A==",
      "license": "MIT"
    }
  }
}
